
Microsoft Visual Studio Solution File, Format Version 12.00
# Visual Studio Version 16
VisualStudioVersion = 16.0.30523.141
MinimumVisualStudioVersion = 10.0.40219.1
Project("{FAE04EC0-301F-11D3-BF4B-00C04F79EFBC}") = "MetodosDePagamento", "MetodosDePagamento.csproj", "{0AFFE8D4-85AC-4EBC-A780-DD2A8ADCC474}"
EndProject
Global
	GlobalSection(SolutionConfigurationPlatforms) = preSolution
		Debug|Any CPU = Debug|Any CPU
		Release|Any CPU = Release|Any CPU
	EndGlobalSection
	GlobalSection(ProjectConfigurationPlatforms) = postSolution
		{0AFFE8D4-85AC-4EBC-A780-DD2A8ADCC474}.Debug|Any CPU.ActiveCfg = Debug|Any CPU
		{0AFFE8D4-85AC-4EBC-A780-DD2A8ADCC474}.Debug|Any CPU.Build.0 = Debug|Any CPU
		{0AFFE8D4-85AC-4EBC-A780-DD2A8ADCC474}.Release|Any CPU.ActiveCfg = Release|Any CPU
		{0AFFE8D4-85AC-4EBC-A780-DD2A8ADCC474}.Release|Any CPU.Build.0 = Release|Any CPU
	EndGlobalSection
	GlobalSection(SolutionProperties) = preSolution
		HideSolutionNode = FALSE
	EndGlobalSection
	GlobalSection(ExtensibilityGlobals) = postSolution
		SolutionGuid = {0DCF1E23-F519-472D-8E05-2ED3D9E426D7}
	EndGlobalSection
EndGlobal
